
Microsoft Visual Studio Solution File, Format Version 12.00
# Visual Studio 15
VisualStudioVersion = 15.0.28307.168
MinimumVisualStudioVersion = 10.0.40219.1
Project("{9A19103F-16F7-4668-BE54-9A1E7A4F7556}") = "IdentityInfo.Web", "src\IdentityInfo.Web\IdentityInfo.Web.csproj", "{20279ACE-6181-436D-BA70-F25CFEBE63FA}"
EndProject
Project("{2150E333-8FDC-42A3-9474-1A3956D46DE8}") = "Solution Items", "Solution Items", "{267DE2A1-3203-45EA-931B-B8C8513DE0B3}"
	ProjectSection(SolutionItems) = preProject
		.gitignore = .gitignore
		LICENSE.md = LICENSE.md
		README.md = README.md
	EndProjectSection
EndProject
Project("{2150E333-8FDC-42A3-9474-1A3956D46DE8}") = "src", "src", "{42B322B2-C3F1-440A-AC32-082F9ACE2B57}"
EndProject
Project("{2150E333-8FDC-42A3-9474-1A3956D46DE8}") = "test", "test", "{B1436B41-1C01-443D-A050-B08F01F3718E}"
EndProject
Project("{FAE04EC0-301F-11D3-BF4B-00C04F79EFBC}") = "IdentityInfo.Web.Test", "test\IdentityInfo.Web.Test\IdentityInfo.Web.Test.csproj", "{B0C3B085-DE21-4881-A1EA-6EC01A1B4DEC}"
EndProject
Global
	GlobalSection(SolutionConfigurationPlatforms) = preSolution
		Debug|Any CPU = Debug|Any CPU
		Release|Any CPU = Release|Any CPU
	EndGlobalSection
	GlobalSection(ProjectConfigurationPlatforms) = postSolution
		{20279ACE-6181-436D-BA70-F25CFEBE63FA}.Debug|Any CPU.ActiveCfg = Debug|Any CPU
		{20279ACE-6181-436D-BA70-F25CFEBE63FA}.Debug|Any CPU.Build.0 = Debug|Any CPU
		{20279ACE-6181-436D-BA70-F25CFEBE63FA}.Release|Any CPU.ActiveCfg = Release|Any CPU
		{20279ACE-6181-436D-BA70-F25CFEBE63FA}.Release|Any CPU.Build.0 = Release|Any CPU
		{B0C3B085-DE21-4881-A1EA-6EC01A1B4DEC}.Debug|Any CPU.ActiveCfg = Debug|Any CPU
		{B0C3B085-DE21-4881-A1EA-6EC01A1B4DEC}.Debug|Any CPU.Build.0 = Debug|Any CPU
		{B0C3B085-DE21-4881-A1EA-6EC01A1B4DEC}.Release|Any CPU.ActiveCfg = Release|Any CPU
		{B0C3B085-DE21-4881-A1EA-6EC01A1B4DEC}.Release|Any CPU.Build.0 = Release|Any CPU
	EndGlobalSection
	GlobalSection(SolutionProperties) = preSolution
		HideSolutionNode = FALSE
	EndGlobalSection
	GlobalSection(NestedProjects) = preSolution
		{20279ACE-6181-436D-BA70-F25CFEBE63FA} = {42B322B2-C3F1-440A-AC32-082F9ACE2B57}
		{B0C3B085-DE21-4881-A1EA-6EC01A1B4DEC} = {B1436B41-1C01-443D-A050-B08F01F3718E}
	EndGlobalSection
	GlobalSection(ExtensibilityGlobals) = postSolution
		SolutionGuid = {5BF55CBA-D04F-4551-A129-F0D4FA721E32}
	EndGlobalSection
EndGlobal
